// !$*UTF8*$!
{
	archiveVersion = 1;
	classes = {
	};
	objectVersion = 46;
	objects = {

/* Begin PBXBuildFile section */
		9D2B5D9A1ED43C9F00478C42 /* main.m in Sources */ = {isa = PBXBuildFile; fileRef = 9D2B5D991ED43C9F00478C42 /* main.m */; };
		9D2B5D9D1ED43C9F00478C42 /* AppDelegate.m in Sources */ = {isa = PBXBuildFile; fileRef = 9D2B5D9C1ED43C9F00478C42 /* AppDelegate.m */; };
		9D2B5DA01ED43C9F00478C42 /* ViewController.m in Sources */ = {isa = PBXBuildFile; fileRef = 9D2B5D9F1ED43C9F00478C42 /* ViewController.m */; };
		9D2B5DA31ED43C9F00478C42 /* Main.storyboard in Resources */ = {isa = PBXBuildFile; fileRef = 9D2B5DA11ED43C9F00478C42 /* Main.storyboard */; };
		9D2B5DA51ED43C9F00478C42 /* Assets.xcassets in Resources */ = {isa = PBXBuildFile; fileRef = 9D2B5DA41ED43C9F00478C42 /* Assets.xcassets */; };
		9D2B5DA81ED43C9F00478C42 /* LaunchScreen.storyboard in Resources */ = {isa = PBXBuildFile; fileRef = 9D2B5DA61ED43C9F00478C42 /* LaunchScreen.storyboard */; };
		9D2B5DB31ED43C9F00478C42 /* TestTests.m in Sources */ = {isa = PBXBuildFile; fileRef = 9D2B5DB21ED43C9F00478C42 /* TestTests.m */; };
		9D2B5DBE1ED43C9F00478C42 /* TestUITests.m in Sources */ = {isa = PBXBuildFile; fileRef = 9D2B5DBD1ED43C9F00478C42 /* TestUITests.m */; };
/* End PBXBuildFile section */

/* Begin PBXContainerItemProxy section */
		9D2B5DAF1ED43C9F00478C42 /* PBXContainerItemProxy */ = {
			isa = PBXContainerItemProxy;
			containerPortal = 9D2B5D8D1ED43C9F00478C42 /* Project object */;
			proxyType = 1;
			remoteGlobalIDString = 9D2B5D941ED43C9F00478C42;
			remoteInfo = Test;
		};
		9D2B5DBA1ED43C9F00478C42 /* PBXContainerItemProxy */ = {
			isa = PBXContainerItemProxy;
			containerPortal = 9D2B5D8D1ED43C9F00478C42 /* Project object */;
			proxyType = 1;
			remoteGlobalIDString = 9D2B5D941ED43C9F00478C42;
			remoteInfo = Test;
		};
/* End PBXContainerItemProxy section */

/* Begin PBXFileReference section */
		9D2B5D951ED43C9F00478C42 /* Test.app */ = {isa = PBXFileReference; explicitFileType = wrapper.application; includeInIndex = 0; path = Test.app; sourceTree = BUILT_PRODUCTS_DIR; };
		9D2B5D991ED43C9F00478C42 /* main.m */ = {isa = PBXFileReference; lastKnownFileType = sourcecode.c.objc; path = main.m; sourceTree = "<group>"; };
		9D2B5D9B1ED43C9F00478C42 /* AppDelegate.h */ = {isa = PBXFileReference; lastKnownFileType = sourcecode.c.h; path = AppDelegate.h; sourceTree = "<group>"; };
		9D2B5D9C1ED43C9F00478C42 /* AppDelegate.m */ = {isa = PBXFileReference; lastKnownFileType = sourcecode.c.objc; path = AppDelegate.m; sourceTree = "<group>"; };
		9D2B5D9E1ED43C9F00478C42 /* ViewController.h */ = {isa = PBXFileReference; lastKnownFileType = sourcecode.c.h; path = ViewController.h; sourceTree = "<group>"; };
		9D2B5D9F1ED43C9F00478C42 /* ViewController.m */ = {isa = PBXFileReference; lastKnownFileType = sourcecode.c.objc; path = ViewController.m; sourceTree = "<group>"; };
		9D2B5DA21ED43C9F00478C42 /* Base */ = {isa = PBXFileReference; lastKnownFileType = file.storyboard; name = Base; path = Base.lproj/Main.storyboard; sourceTree = "<group>"; };
		9D2B5DA41ED43C9F00478C42 /* Assets.xcassets */ = {isa = PBXFileReference; lastKnownFileType = folder.assetcatalog; path = Assets.xcassets; sourceTree = "<group>"; };
		9D2B5DA71ED43C9F00478C42 /* Base */ = {isa = PBXFileReference; lastKnownFileType = file.storyboard; name = Base; path = Base.lproj/LaunchScreen.storyboard; sourceTree = "<group>"; };
		9D2B5DA91ED43C9F00478C42 /* Info.plist */ = {isa = PBXFileReference; lastKnownFileType = text.plist.xml; path = Info.plist; sourceTree = "<group>"; };
		9D2B5DAE1ED43C9F00478C42 /* TestTests.xctest */ = {isa = PBXFileReference; explicitFileType = wrapper.cfbundle; includeInIndex = 0; path = TestTests.xctest; sourceTree = BUILT_PRODUCTS_DIR; };
		9D2B5DB21ED43C9F00478C42 /* TestTests.m */ = {isa = PBXFileReference; lastKnownFileType = sourcecode.c.objc; path = TestTests.m; sourceTree = "<group>"; };
		9D2B5DB41ED43C9F00478C42 /* Info.plist */ = {isa = PBXFileReference; lastKnownFileType = text.plist.xml; path = Info.plist; sourceTree = "<group>"; };
		9D2B5DB91ED43C9F00478C42 /* TestUITests.xctest */ = {isa = PBXFileReference; explicitFileType = wrapper.cfbundle; includeInIndex = 0; path = TestUITests.xctest; sourceTree = BUILT_PRODUCTS_DIR; };
		9D2B5DBD1ED43C9F00478C42 /* TestUITests.m */ = {isa = PBXFileReference; lastKnownFileType = sourcecode.c.objc; path = TestUITests.m; sourceTree = "<group>"; };
		9D2B5DBF1ED43C9F00478C42 /* Info.plist */ = {isa = PBXFileReference; lastKnownFileType = text.plist.xml; path = Info.plist; sourceTree = "<group>"; };
/* End PBXFileReference section */

/* Begin PBXFrameworksBuildPhase section */
		9D2B5D921ED43C9F00478C42 /* Frameworks */ = {
			isa = PBXFrameworksBuildPhase;
			buildActionMask = 2147483647;
			files = (
			);
			runOnlyForDeploymentPostprocessing = 0;
		};
		9D2B5DAB1ED43C9F00478C42 /* Frameworks */ = {
			isa = PBXFrameworksBuildPhase;
			buildActionMask = 2147483647;
			files = (
			);
			runOnlyForDeploymentPostprocessing = 0;
		};
		9D2B5DB61ED43C9F00478C42 /* Frameworks */ = {
			isa = PBXFrameworksBuildPhase;
			buildActionMask = 2147483647;
			files = (
			);
			runOnlyForDeploymentPostprocessing = 0;
		};
/* End PBXFrameworksBuildPhase section */

/* Begin PBXGroup section */
		9D2B5D8C1ED43C9F00478C42 = {
			isa = PBXGroup;
			children = (
				9D2B5D971ED43C9F00478C42 /* Test */,
				9D2B5DB11ED43C9F00478C42 /* TestTests */,
				9D2B5DBC1ED43C9F00478C42 /* TestUITests */,
				9D2B5D961ED43C9F00478C42 /* Products */,
			);
			sourceTree = "<group>";
		};
		9D2B5D961ED43C9F00478C42 /* Products */ = {
			isa = PBXGroup;
			children = (
				9D2B5D951ED43C9F00478C42 /* Test.app */,
				9D2B5DAE1ED43C9F00478C42 /* TestTests.xctest */,
				9D2B5DB91ED43C9F00478C42 /* TestUITests.xctest */,
			);
			name = Products;
			sourceTree = "<group>";
		};
		9D2B5D971ED43C9F00478C42 /* Test */ = {
			isa = PBXGroup;
			children = (
				9D2B5D9B1ED43C9F00478C42 /* AppDelegate.h */,
				9D2B5D9C1ED43C9F00478C42 /* AppDelegate.m */,
				9D2B5D9E1ED43C9F00478C42 /* ViewController.h */,
				9D2B5D9F1ED43C9F00478C42 /* ViewController.m */,
				9D2B5DA11ED43C9F00478C42 /* Main.storyboard */,
				9D2B5DA41ED43C9F00478C42 /* Assets.xcassets */,
				9D2B5DA61ED43C9F00478C42 /* LaunchScreen.storyboard */,
				9D2B5DA91ED43C9F00478C42 /* Info.plist */,
				9D2B5D981ED43C9F00478C42 /* Supporting Files */,
			);
			path = Test;
			sourceTree = "<group>";
		};
		9D2B5D981ED43C9F00478C42 /* Supporting Files */ = {
			isa = PBXGroup;
			children = (
				9D2B5D991ED43C9F00478C42 /* main.m */,
			);
			name = "Supporting Files";
			sourceTree = "<group>";
		};
		9D2B5DB11ED43C9F00478C42 /* TestTests */ = {
			isa = PBXGroup;
			children = (
				9D2B5DB21ED43C9F00478C42 /* TestTests.m */,
				9D2B5DB41ED43C9F00478C42 /* Info.plist */,
			);
			path = TestTests;
			sourceTree = "<group>";
		};
		9D2B5DBC1ED43C9F00478C42 /* TestUITests */ = {
			isa = PBXGroup;
			children = (
				9D2B5DBD1ED43C9F00478C42 /* TestUITests.m */,
				9D2B5DBF1ED43C9F00478C42 /* Info.plist */,
			);
			path = TestUITests;
			sourceTree = "<group>";
		};
/* End PBXGroup section */

/* Begin PBXNativeTarget section */
		9D2B5D941ED43C9F00478C42 /* Test */ = {
			isa = PBXNativeTarget;
			buildConfigurationList = 9D2B5DC21ED43C9F00478C42 /* Build configuration list for PBXNativeTarget "Test" */;
			buildPhases = (
				9D2B5D911ED43C9F00478C42 /* Sources */,
				9D2B5D921ED43C9F00478C42 /* Frameworks */,
				9D2B5D931ED43C9F00478C42 /* Resources */,
			);
			buildRules = (
			);
			dependencies = (
			);
			name = Test;
			productName = Test;
			productReference = 9D2B5D951ED43C9F00478C42 /* Test.app */;
			productType = "com.apple.product-type.application";
		};
		9D2B5DAD1ED43C9F00478C42 /* TestTests */ = {
			isa = PBXNativeTarget;
			buildConfigurationList = 9D2B5DC51ED43C9F00478C42 /* Build configuration list for PBXNativeTarget "TestTests" */;
			buildPhases = (
				9D2B5DAA1ED43C9F00478C42 /* Sources */,
				9D2B5DAB1ED43C9F00478C42 /* Frameworks */,
				9D2B5DAC1ED43C9F00478C42 /* Resources */,
			);
			buildRules = (
			);
			dependencies = (
				9D2B5DB01ED43C9F00478C42 /* PBXTargetDependency */,
			);
			name = TestTests;
			productName = TestTests;
			productReference = 9D2B5DAE1ED43C9F00478C42 /* TestTests.xctest */;
			productType = "com.apple.product-type.bundle.unit-test";
		};
		9D2B5DB81ED43C9F00478C42 /* TestUITests */ = {
			isa = PBXNativeTarget;
			buildConfigurationList = 9D2B5DC81ED43C9F00478C42 /* Build configuration list for PBXNativeTarget "TestUITests" */;
			buildPhases = (
				9D2B5DB51ED43C9F00478C42 /* Sources */,
				9D2B5DB61ED43C9F00478C42 /* Frameworks */,
				9D2B5DB71ED43C9F00478C42 /* Resources */,
			);
			buildRules = (
			);
			dependencies = (
				9D2B5DBB1ED43C9F00478C42 /* PBXTargetDependency */,
			);
			name = TestUITests;
			productName = TestUITests;
			productReference = 9D2B5DB91ED43C9F00478C42 /* TestUITests.xctest */;
			productType = "com.apple.product-type.bundle.ui-testing";
		};
/* End PBXNativeTarget section */

/* Begin PBXProject section */
		9D2B5D8D1ED43C9F00478C42 /* Project object */ = {
			isa = PBXProject;
			attributes = {
				LastUpgradeCheck = 0820;
				ORGANIZATIONNAME = xiedan;
				TargetAttributes = {
					9D2B5D941ED43C9F00478C42 = {
						CreatedOnToolsVersion = 8.2;
						ProvisioningStyle = Automatic;
					};
					9D2B5DAD1ED43C9F00478C42 = {
						CreatedOnToolsVersion = 8.2;
						ProvisioningStyle = Automatic;
						TestTargetID = 9D2B5D941ED43C9F00478C42;
					};
					9D2B5DB81ED43C9F00478C42 = {
						CreatedOnToolsVersion = 8.2;
						ProvisioningStyle = Automatic;
						TestTargetID = 9D2B5D941ED43C9F00478C42;
					};
				};
			};
			buildConfigurationList = 9D2B5D901ED43C9F00478C42 /* Build configuration list for PBXProject "Test" */;
			compatibilityVersion = "Xcode 3.2";
			developmentRegion = English;
			hasScannedForEncodings = 0;
			knownRegions = (
				en,
				Base,
			);
			mainGroup = 9D2B5D8C1ED43C9F00478C42;
			productRefGroup = 9D2B5D961ED43C9F00478C42 /* Products */;
			projectDirPath = "";
			projectRoot = "";
			targets = (
				9D2B5D941ED43C9F00478C42 /* Test */,
				9D2B5DAD1ED43C9F00478C42 /* TestTests */,
				9D2B5DB81ED43C9F00478C42 /* TestUITests */,
			);
		};
/* End PBXProject section */

/* Begin PBXResourcesBuildPhase section */
		9D2B5D931ED43C9F00478C42 /* Resources */ = {
			isa = PBXResourcesBuildPhase;
			buildActionMask = 2147483647;
			files = (
				9D2B5DA81ED43C9F00478C42 /* LaunchScreen.storyboard in Resources */,
				9D2B5DA51ED43C9F00478C42 /* Assets.xcassets in Resources */,
				9D2B5DA31ED43C9F00478C42 /* Main.storyboard in Resources */,
			);
			runOnlyForDeploymentPostprocessing = 0;
		};
		9D2B5DAC1ED43C9F00478C42 /* Resources */ = {
			isa = PBXResourcesBuildPhase;
			buildActionMask = 2147483647;
			files = (
			);
			runOnlyForDeploymentPostprocessing = 0;
		};
		9D2B5DB71ED43C9F00478C42 /* Resources */ = {
			isa = PBXResourcesBuildPhase;
			buildActionMask = 2147483647;
			files = (
			);
			runOnlyForDeploymentPostprocessing = 0;
		};
/* End PBXResourcesBuildPhase section */

/* Begin PBXSourcesBuildPhase section */
		9D2B5D911ED43C9F00478C42 /* Sources */ = {
			isa = PBXSourcesBuildPhase;
			buildActionMask = 2147483647;
			files = (
				9D2B5DA01ED43C9F00478C42 /* ViewController.m in Sources */,
				9D2B5D9D1ED43C9F00478C42 /* AppDelegate.m in Sources */,
				9D2B5D9A1ED43C9F00478C42 /* main.m in Sources */,
			);
			runOnlyForDeploymentPostprocessing = 0;
		};
		9D2B5DAA1ED43C9F00478C42 /* Sources */ = {
			isa = PBXSourcesBuildPhase;
			buildActionMask = 2147483647;
			files = (
				9D2B5DB31ED43C9F00478C42 /* TestTests.m in Sources */,
			);
			runOnlyForDeploymentPostprocessing = 0;
		};
		9D2B5DB51ED43C9F00478C42 /* Sources */ = {
			isa = PBXSourcesBuildPhase;
			buildActionMask = 2147483647;
			files = (
				9D2B5DBE1ED43C9F00478C42 /* TestUITests.m in Sources */,
			);
			runOnlyForDeploymentPostprocessing = 0;
		};
/* End PBXSourcesBuildPhase section */

/* Begin PBXTargetDependency section */
		9D2B5DB01ED43C9F00478C42 /* PBXTargetDependency */ = {
			isa = PBXTargetDependency;
			target = 9D2B5D941ED43C9F00478C42 /* Test */;
			targetProxy = 9D2B5DAF1ED43C9F00478C42 /* PBXContainerItemProxy */;
		};
		9D2B5DBB1ED43C9F00478C42 /* PBXTargetDependency */ = {
			isa = PBXTargetDependency;
			target = 9D2B5D941ED43C9F00478C42 /* Test */;
			targetProxy = 9D2B5DBA1ED43C9F00478C42 /* PBXContainerItemProxy */;
		};
/* End PBXTargetDependency section */

/* Begin PBXVariantGroup section */
		9D2B5DA11ED43C9F00478C42 /* Main.storyboard */ = {
			isa = PBXVariantGroup;
			children = (
				9D2B5DA21ED43C9F00478C42 /* Base */,
			);
			name = Main.storyboard;
			sourceTree = "<group>";
		};
		9D2B5DA61ED43C9F00478C42 /* LaunchScreen.storyboard */ = {
			isa = PBXVariantGroup;
			children = (
				9D2B5DA71ED43C9F00478C42 /* Base */,
			);
			name = LaunchScreen.storyboard;
			sourceTree = "<group>";
		};
/* End PBXVariantGroup section */

/* Begin XCBuildConfiguration section */
		9D2B5DC01ED43C9F00478C42 /* Debug */ = {
			isa = XCBuildConfiguration;
			buildSettings = {
				ALWAYS_SEARCH_USER_PATHS = NO;
				CLANG_ANALYZER_NONNULL = YES;
				CLANG_CXX_LANGUAGE_STANDARD = "gnu++0x";
				CLANG_CXX_LIBRARY = "libc++";
				CLANG_ENABLE_MODULES = YES;
				CLANG_ENABLE_OBJC_ARC = YES;
				CLANG_WARN_BOOL_CONVERSION = YES;
				CLANG_WARN_CONSTANT_CONVERSION = YES;
				CLANG_WARN_DIRECT_OBJC_ISA_USAGE = YES_ERROR;
				CLANG_WARN_DOCUMENTATION_COMMENTS = YES;
				CLANG_WARN_EMPTY_BODY = YES;
				CLANG_WARN_ENUM_CONVERSION = YES;
				CLANG_WARN_INFINITE_RECURSION = YES;
				CLANG_WARN_INT_CONVERSION = YES;
				CLANG_WARN_OBJC_ROOT_CLASS = YES_ERROR;
				CLANG_WARN_SUSPICIOUS_MOVE = YES;
				CLANG_WARN_UNREACHABLE_CODE = YES;
				CLANG_WARN__DUPLICATE_METHOD_MATCH = YES;
				"CODE_SIGN_IDENTITY[sdk=iphoneos*]" = "iPhone Developer";
				COPY_PHASE_STRIP = NO;
				DEBUG_INFORMATION_FORMAT = dwarf;
				ENABLE_STRICT_OBJC_MSGSEND = YES;
				ENABLE_TESTABILITY = YES;
				GCC_C_LANGUAGE_STANDARD = gnu99;
				GCC_DYNAMIC_NO_PIC = NO;
				GCC_NO_COMMON_BLOCKS = YES;
				GCC_OPTIMIZATION_LEVEL = 0;
				GCC_PREPROCESSOR_DEFINITIONS = (
					"DEBUG=1",
					"$(inherited)",
				);
				GCC_WARN_64_TO_32_BIT_CONVERSION = YES;
				GCC_WARN_ABOUT_RETURN_TYPE = YES_ERROR;
				GCC_WARN_UNDECLARED_SELECTOR = YES;
				GCC_WARN_UNINITIALIZED_AUTOS = YES_AGGRESSIVE;
				GCC_WARN_UNUSED_FUNCTION = YES;
				GCC_WARN_UNUSED_VARIABLE = YES;
				IPHONEOS_DEPLOYMENT_TARGET = 10.2;
				MTL_ENABLE_DEBUG_INFO = YES;
				ONLY_ACTIVE_ARCH = YES;
				SDKROOT = iphoneos;
				TARGETED_DEVICE_FAMILY = "1,2";
			};
			name = Debug;
		};
		9D2B5DC11ED43C9F00478C42 /* Release */ = {
			isa = XCBuildConfiguration;
			buildSettings = {
				ALWAYS_SEARCH_USER_PATHS = NO;
				CLANG_ANALYZER_NONNULL = YES;
				CLANG_CXX_LANGUAGE_STANDARD = "gnu++0x";
				CLANG_CXX_LIBRARY = "libc++";
				CLANG_ENABLE_MODULES = YES;
				CLANG_ENABLE_OBJC_ARC = YES;
				CLANG_WARN_BOOL_CONVERSION = YES;
				CLANG_WARN_CONSTANT_CONVERSION = YES;
				CLANG_WARN_DIRECT_OBJC_ISA_USAGE = YES_ERROR;
				CLANG_WARN_DOCUMENTATION_COMMENTS = YES;
				CLANG_WARN_EMPTY_BODY = YES;
				CLANG_WARN_ENUM_CONVERSION = YES;
				CLANG_WARN_INFINITE_RECURSION = YES;
				CLANG_WARN_INT_CONVERSION = YES;
				CLANG_WARN_OBJC_ROOT_CLASS = YES_ERROR;
				CLANG_WARN_SUSPICIOUS_MOVE = YES;
				CLANG_WARN_UNREACHABLE_CODE = YES;
				CLANG_WARN__DUPLICATE_METHOD_MATCH = YES;
				"CODE_SIGN_IDENTITY[sdk=iphoneos*]" = "iPhone Developer";
				COPY_PHASE_STRIP = NO;
				DEBUG_INFORMATION_FORMAT = "dwarf-with-dsym";
				ENABLE_NS_ASSERTIONS = NO;
				ENABLE_STRICT_OBJC_MSGSEND = YES;
				GCC_C_LANGUAGE_STANDARD = gnu99;
				GCC_NO_COMMON_BLOCKS = YES;
				GCC_WARN_64_TO_32_BIT_CONVERSION = YES;
				GCC_WARN_ABOUT_RETURN_TYPE = YES_ERROR;
				GCC_WARN_UNDECLARED_SELECTOR = YES;
				GCC_WARN_UNINITIALIZED_AUTOS = YES_AGGRESSIVE;
				GCC_WARN_UNUSED_FUNCTION = YES;
				GCC_WARN_UNUSED_VARIABLE = YES;
				IPHONEOS_DEPLOYMENT_TARGET = 10.2;
				MTL_ENABLE_DEBUG_INFO = NO;
				SDKROOT = iphoneos;
				TARGETED_DEVICE_FAMILY = "1,2";
				VALIDATE_PRODUCT = YES;
			};
			name = Release;
		};
		9D2B5DC31ED43C9F00478C42 /* Debug */ = {
			isa = XCBuildConfiguration;
			buildSettings = {
				ASSETCATALOG_COMPILER_APPICON_NAME = AppIcon;
				INFOPLIST_FILE = Test/Info.plist;
				LD_RUNPATH_SEARCH_PATHS = "$(inherited) @executable_path/Frameworks";
				PRODUCT_BUNDLE_IDENTIFIER = com.puhuikuaijie.Test;
				PRODUCT_NAME = "$(TARGET_NAME)";
			};
			name = Debug;
		};
		9D2B5DC41ED43C9F00478C42 /* Release */ = {
			isa = XCBuildConfiguration;
			buildSettings = {
				ASSETCATALOG_COMPILER_APPICON_NAME = AppIcon;
				INFOPLIST_FILE = Test/Info.plist;
				LD_RUNPATH_SEARCH_PATHS = "$(inherited) @executable_path/Frameworks";
				PRODUCT_BUNDLE_IDENTIFIER = com.puhuikuaijie.Test;
				PRODUCT_NAME = "$(TARGET_NAME)";
			};
			name = Release;
		};
		9D2B5DC61ED43C9F00478C42 /* Debug */ = {
			isa = XCBuildConfiguration;
			buildSettings = {
				BUNDLE_LOADER = "$(TEST_HOST)";
				INFOPLIST_FILE = TestTests/Info.plist;
				LD_RUNPATH_SEARCH_PATHS = "$(inherited) @executable_path/Frameworks @loader_path/Frameworks";
				PRODUCT_BUNDLE_IDENTIFIER = com.puhuikuaijie.TestTests;
				PRODUCT_NAME = "$(TARGET_NAME)";
				TEST_HOST = "$(BUILT_PRODUCTS_DIR)/Test.app/Test";
			};
			name = Debug;
		};
		9D2B5DC71ED43C9F00478C42 /* Release */ = {
			isa = XCBuildConfiguration;
			buildSettings = {
				BUNDLE_LOADER = "$(TEST_HOST)";
				INFOPLIST_FILE = TestTests/Info.plist;
				LD_RUNPATH_SEARCH_PATHS = "$(inherited) @executable_path/Frameworks @loader_path/Frameworks";
				PRODUCT_BUNDLE_IDENTIFIER = com.puhuikuaijie.TestTests;
				PRODUCT_NAME = "$(TARGET_NAME)";
				TEST_HOST = "$(BUILT_PRODUCTS_DIR)/Test.app/Test";
			};
			name = Release;
		};
		9D2B5DC91ED43C9F00478C42 /* Debug */ = {
			isa = XCBuildConfiguration;
			buildSettings = {
				INFOPLIST_FILE = TestUITests/Info.plist;
				LD_RUNPATH_SEARCH_PATHS = "$(inherited) @executable_path/Frameworks @loader_path/Frameworks";
				PRODUCT_BUNDLE_IDENTIFIER = com.puhuikuaijie.TestUITests;
				PRODUCT_NAME = "$(TARGET_NAME)";
				TEST_TARGET_NAME = Test;
			};
			name = Debug;
		};
		9D2B5DCA1ED43C9F00478C42 /* Release */ = {
			isa = XCBuildConfiguration;
			buildSettings = {
				INFOPLIST_FILE = TestUITests/Info.plist;
				LD_RUNPATH_SEARCH_PATHS = "$(inherited) @executable_path/Frameworks @loader_path/Frameworks";
				PRODUCT_BUNDLE_IDENTIFIER = com.puhuikuaijie.TestUITests;
				PRODUCT_NAME = "$(TARGET_NAME)";
				TEST_TARGET_NAME = Test;
			};
			name = Release;
		};
/* End XCBuildConfiguration section */

/* Begin XCConfigurationList section */
		9D2B5D901ED43C9F00478C42 /* Build configuration list for PBXProject "Test" */ = {
			isa = XCConfigurationList;
			buildConfigurations = (
				9D2B5DC01ED43C9F00478C42 /* Debug */,
				9D2B5DC11ED43C9F00478C42 /* Release */,
			);
			defaultConfigurationIsVisible = 0;
			defaultConfigurationName = Release;
		};
		9D2B5DC21ED43C9F00478C42 /* Build configuration list for PBXNativeTarget "Test" */ = {
			isa = XCConfigurationList;
			buildConfigurations = (
				9D2B5DC31ED43C9F00478C42 /* Debug */,
				9D2B5DC41ED43C9F00478C42 /* Release */,
			);
			defaultConfigurationIsVisible = 0;
		};
		9D2B5DC51ED43C9F00478C42 /* Build configuration list for PBXNativeTarget "TestTests" */ = {
			isa = XCConfigurationList;
			buildConfigurations = (
				9D2B5DC61ED43C9F00478C42 /* Debug */,
				9D2B5DC71ED43C9F00478C42 /* Release */,
			);
			defaultConfigurationIsVisible = 0;
		};
		9D2B5DC81ED43C9F00478C42 /* Build configuration list for PBXNativeTarget "TestUITests" */ = {
			isa = XCConfigurationList;
			buildConfigurations = (
				9D2B5DC91ED43C9F00478C42 /* Debug */,
				9D2B5DCA1ED43C9F00478C42 /* Release */,
			);
			defaultConfigurationIsVisible = 0;
		};
/* End XCConfigurationList section */
	};
	rootObject = 9D2B5D8D1ED43C9F00478C42 /* Project object */;
}
